
Microsoft Visual Studio Solution File, Format Version 12.00
# Visual Studio 2012
Project("{FAE04EC0-301F-11D3-BF4B-00C04F79EFBC}") = "PSOMain", "PSOMain\PSOMain.csproj", "{CCCBD88D-2D8E-476B-9F71-825C1365E4E0}"
	ProjectSection(ProjectDependencies) = postProject
		{59D9C7AF-BB12-48BD-AC91-63739240A222} = {59D9C7AF-BB12-48BD-AC91-63739240A222}
	EndProjectSection
EndProject
Project("{FAE04EC0-301F-11D3-BF4B-00C04F79EFBC}") = "PSOLib", "..\PSOLib\PSOLib\PSOLib.csproj", "{59D9C7AF-BB12-48BD-AC91-63739240A222}"
EndProject
Global
	GlobalSection(SolutionConfigurationPlatforms) = preSolution
		Debug|Any CPU = Debug|Any CPU
		Release|Any CPU = Release|Any CPU
	EndGlobalSection
	GlobalSection(ProjectConfigurationPlatforms) = postSolution
		{CCCBD88D-2D8E-476B-9F71-825C1365E4E0}.Debug|Any CPU.ActiveCfg = Debug|Any CPU
		{CCCBD88D-2D8E-476B-9F71-825C1365E4E0}.Debug|Any CPU.Build.0 = Debug|Any CPU
		{CCCBD88D-2D8E-476B-9F71-825C1365E4E0}.Release|Any CPU.ActiveCfg = Release|Any CPU
		{CCCBD88D-2D8E-476B-9F71-825C1365E4E0}.Release|Any CPU.Build.0 = Release|Any CPU
		{59D9C7AF-BB12-48BD-AC91-63739240A222}.Debug|Any CPU.ActiveCfg = Debug|Any CPU
		{59D9C7AF-BB12-48BD-AC91-63739240A222}.Debug|Any CPU.Build.0 = Debug|Any CPU
		{59D9C7AF-BB12-48BD-AC91-63739240A222}.Release|Any CPU.ActiveCfg = Release|Any CPU
		{59D9C7AF-BB12-48BD-AC91-63739240A222}.Release|Any CPU.Build.0 = Release|Any CPU
	EndGlobalSection
	GlobalSection(SolutionProperties) = preSolution
		HideSolutionNode = FALSE
	EndGlobalSection
EndGlobal
